{
  "name": "lack",
  "version": "1.0.1",
  "lockfileVersion": 1,
  "requires": true,
  "dependencies": {
    "lack-proxy": {
      "version": "1.0.1",
      "resolved": "https://registry.npmjs.org/lack-proxy/-/lack-proxy-1.0.1.tgz",
      "integrity": "sha512-6QbDcLwxJJ679Nf414f9d3CNdSIJVEU9ZiiaG2L4zCIGS9XWKreW6wpdlo773x164RtkYtQ1GOn5QUtatM/2jA==",
      "requires": {
        "hagent": "^0.6.1",
        "lru-cache": "^5.1.1"
      },
      "dependencies": {
        "hagent": {
          "version": "0.6.1",
          "resolved": "https://registry.npmjs.org/hagent/-/hagent-0.6.1.tgz",
          "integrity": "sha512-ycFX2mxTeJ90tniI6aNsWjZh8Agd+LkGS/1ecyGU1tFmAUXlFpirdcj9bIXqSGzS0+POg840IUKgeKUFzWpZmQ==",
          "requires": {
            "q": "1.4.1",
            "safe-buffer": "^5.0.1"
          }
        },
        "lru-cache": {
          "version": "5.1.1",
          "resolved": "https://registry.npmjs.org/lru-cache/-/lru-cache-5.1.1.tgz",
          "integrity": "sha512-KpNARQA3Iwv+jTA0utUVVbrh+Jlrr1Fv0e56GGzAFOXN7dk/FviaDW8LHmK52DlcH4WP2n6gI8vN1aesBFgo9w==",
          "requires": {
            "yallist": "^3.0.2"
          }
        }
      }
    },
    "q": {
      "version": "1.4.1",
      "resolved": "https://registry.npmjs.org/q/-/q-1.4.1.tgz",
      "integrity": "sha1-VXBbzZPF82c1MMLCy8DCs63cKG4="
    },
    "safe-buffer": {
      "version": "5.2.1",
      "resolved": "https://registry.npmjs.org/safe-buffer/-/safe-buffer-5.2.1.tgz",
      "integrity": "sha512-rp3So07KcdmmKbGvgaNxQSJr7bGVSVk5S9Eq1F+ppbRo70+YeaDxkw5Dd8NPN+GD6bjnYm2VuPuCXmpuYvmCXQ=="
    },
    "yallist": {
      "version": "3.1.1",
      "resolved": "https://registry.npmjs.org/yallist/-/yallist-3.1.1.tgz",
      "integrity": "sha512-a4UGQaWPH59mOXUYnAG2ewncQS4i4F43Tv3JoAM+s2VDAmS9NsK8GpDMLrCHPksFT7h3K6TOoUNn2pb7RoXx4g=="
    }
  }
}
