{
  "name": "lack",
  "version": "1.1.6",
  "lockfileVersion": 1,
  "requires": true,
  "dependencies": {
    "lack-proxy": {
      "version": "1.1.6",
      "resolved": "https://registry.npmjs.org/lack-proxy/-/lack-proxy-1.1.6.tgz",
      "integrity": "sha512-tCCUPdK0OUG8MFLsjskvm45IuDUwJQ2Cifj8dN1iZrcKkSQLF0PV6BnDadxt6Y/1NDCDW8sqR6Feq7fs2y2w8g==",
      "requires": {
        "hagent": "^0.7.5",
        "lru-cache": "^5.1.1"
      },
      "dependencies": {
        "hagent": {
          "version": "0.7.5",
          "resolved": "https://registry.npmjs.org/hagent/-/hagent-0.7.5.tgz",
          "integrity": "sha512-TuF2B0uvO3ANc5mxzBPE+XxRWBlaCkynl/ij1AtH641EA5E9mRvxEvEMaY9PdJTe0QUg8Cq5bE10Gj5Db9qUBA==",
          "requires": {
            "q": "1.4.1",
            "safe-buffer": "^5.0.1"
          }
        },
        "lru-cache": {
          "version": "5.1.1",
          "resolved": "https://registry.npmjs.org/lru-cache/-/lru-cache-5.1.1.tgz",
          "integrity": "sha512-KpNARQA3Iwv+jTA0utUVVbrh+Jlrr1Fv0e56GGzAFOXN7dk/FviaDW8LHmK52DlcH4WP2n6gI8vN1aesBFgo9w==",
          "requires": {
            "yallist": "^3.0.2"
          }
        }
      }
    },
    "q": {
      "version": "1.4.1",
      "resolved": "https://registry.npmjs.org/q/-/q-1.4.1.tgz",
      "integrity": "sha1-VXBbzZPF82c1MMLCy8DCs63cKG4="
    },
    "safe-buffer": {
      "version": "5.2.1",
      "resolved": "https://registry.npmjs.org/safe-buffer/-/safe-buffer-5.2.1.tgz",
      "integrity": "sha512-rp3So07KcdmmKbGvgaNxQSJr7bGVSVk5S9Eq1F+ppbRo70+YeaDxkw5Dd8NPN+GD6bjnYm2VuPuCXmpuYvmCXQ=="
    },
    "yallist": {
      "version": "3.1.1",
      "resolved": "https://registry.npmjs.org/yallist/-/yallist-3.1.1.tgz",
      "integrity": "sha512-a4UGQaWPH59mOXUYnAG2ewncQS4i4F43Tv3JoAM+s2VDAmS9NsK8GpDMLrCHPksFT7h3K6TOoUNn2pb7RoXx4g=="
    }
  }
}
